
Microsoft Visual Studio Solution File, Format Version 12.00
# Visual Studio Version 17
VisualStudioVersion = 17.3.32819.101
MinimumVisualStudioVersion = 10.0.40219.1
Project("{FAE04EC0-301F-11D3-BF4B-00C04F79EFBC}") = "cfd968097af62eceee1c01508fac137", "cfd968097af62eceee1c01508fac137\cfd968097af62eceee1c01508fac137.csproj", "{38516789-6B37-4244-ACF9-F79A10672C2E}"
EndProject
Global
	GlobalSection(SolutionConfigurationPlatforms) = preSolution
		Debug|Any CPU = Debug|Any CPU
		Release|Any CPU = Release|Any CPU
	EndGlobalSection
	GlobalSection(ProjectConfigurationPlatforms) = postSolution
		{38516789-6B37-4244-ACF9-F79A10672C2E}.Debug|Any CPU.ActiveCfg = Debug|Any CPU
		{38516789-6B37-4244-ACF9-F79A10672C2E}.Debug|Any CPU.Build.0 = Debug|Any CPU
		{38516789-6B37-4244-ACF9-F79A10672C2E}.Release|Any CPU.ActiveCfg = Release|Any CPU
		{38516789-6B37-4244-ACF9-F79A10672C2E}.Release|Any CPU.Build.0 = Release|Any CPU
	EndGlobalSection
	GlobalSection(SolutionProperties) = preSolution
		HideSolutionNode = FALSE
	EndGlobalSection
	GlobalSection(ExtensibilityGlobals) = postSolution
		SolutionGuid = {BE65F2E2-CD71-420B-8A03-CE400F2E3482}
	EndGlobalSection
EndGlobal
